
Microsoft Visual Studio Solution File, Format Version 12.00
# Visual Studio 15
VisualStudioVersion = 15.0.27004.2005
MinimumVisualStudioVersion = 10.0.40219.1
Project("{FAE04EC0-301F-11D3-BF4B-00C04F79EFBC}") = "DisplayingBaseballPlayers", "DisplayingBaseballPlayers\DisplayingBaseballPlayers.csproj", "{16F44150-3236-456B-B3C0-D626760140BF}"
EndProject
Project("{FAE04EC0-301F-11D3-BF4B-00C04F79EFBC}") = "BaseballLibrary", "BaseballLibrary\BaseballLibrary.csproj", "{AB2857CE-4757-4B7C-A688-F474DE7AA651}"
EndProject
Global
	GlobalSection(SolutionConfigurationPlatforms) = preSolution
		Debug|Any CPU = Debug|Any CPU
		Release|Any CPU = Release|Any CPU
	EndGlobalSection
	GlobalSection(ProjectConfigurationPlatforms) = postSolution
		{16F44150-3236-456B-B3C0-D626760140BF}.Debug|Any CPU.ActiveCfg = Debug|Any CPU
		{16F44150-3236-456B-B3C0-D626760140BF}.Debug|Any CPU.Build.0 = Debug|Any CPU
		{16F44150-3236-456B-B3C0-D626760140BF}.Release|Any CPU.ActiveCfg = Release|Any CPU
		{16F44150-3236-456B-B3C0-D626760140BF}.Release|Any CPU.Build.0 = Release|Any CPU
		{AB2857CE-4757-4B7C-A688-F474DE7AA651}.Debug|Any CPU.ActiveCfg = Debug|Any CPU
		{AB2857CE-4757-4B7C-A688-F474DE7AA651}.Debug|Any CPU.Build.0 = Debug|Any CPU
		{AB2857CE-4757-4B7C-A688-F474DE7AA651}.Release|Any CPU.ActiveCfg = Release|Any CPU
		{AB2857CE-4757-4B7C-A688-F474DE7AA651}.Release|Any CPU.Build.0 = Release|Any CPU
	EndGlobalSection
	GlobalSection(SolutionProperties) = preSolution
		HideSolutionNode = FALSE
	EndGlobalSection
	GlobalSection(ExtensibilityGlobals) = postSolution
		SolutionGuid = {42629BB5-D2A2-4C11-A532-5D2CA26A884A}
	EndGlobalSection
EndGlobal
